
Microsoft Visual Studio Solution File, Format Version 12.00
# Visual Studio 14
VisualStudioVersion = 14.0.25420.1
MinimumVisualStudioVersion = 10.0.40219.1
Project("{FAE04EC0-301F-11D3-BF4B-00C04F79EFBC}") = "ProBaumkarte.Android", "ProBaumkarte\ProBaumkarte.Android\ProBaumkarte.Android.csproj", "{5E655C7F-DAF2-4F53-AF1B-452A312DD901}"
EndProject
Project("{FAE04EC0-301F-11D3-BF4B-00C04F79EFBC}") = "ProBaumkarte", "ProBaumkarte\ProBaumkarte\ProBaumkarte.csproj", "{0F34DD69-38D6-4490-8EC8-112F932B6BA1}"
EndProject
Project("{FAE04EC0-301F-11D3-BF4B-00C04F79EFBC}") = "ProBaumkarte.UWP", "ProBaumkarte\ProBaumkarte.UWP\ProBaumkarte.UWP.csproj", "{49B1067C-A1F6-42E4-84F2-12EABA2816A7}"
EndProject
Project("{FAE04EC0-301F-11D3-BF4B-00C04F79EFBC}") = "ProBaumkarte.iOS", "ProBaumkarte\ProBaumkarte.iOS\ProBaumkarte.iOS.csproj", "{D1644984-46B0-4F39-B9D5-8F5E3A124C1E}"
EndProject
Global
	GlobalSection(SolutionConfigurationPlatforms) = preSolution
		Ad-Hoc|Any CPU = Ad-Hoc|Any CPU
		Ad-Hoc|ARM = Ad-Hoc|ARM
		Ad-Hoc|iPhone = Ad-Hoc|iPhone
		Ad-Hoc|iPhoneSimulator = Ad-Hoc|iPhoneSimulator
		Ad-Hoc|x64 = Ad-Hoc|x64
		Ad-Hoc|x86 = Ad-Hoc|x86
		AppStore|Any CPU = AppStore|Any CPU
		AppStore|ARM = AppStore|ARM
		AppStore|iPhone = AppStore|iPhone
		AppStore|iPhoneSimulator = AppStore|iPhoneSimulator
		AppStore|x64 = AppStore|x64
		AppStore|x86 = AppStore|x86
		Debug|Any CPU = Debug|Any CPU
		Debug|ARM = Debug|ARM
		Debug|iPhone = Debug|iPhone
		Debug|iPhoneSimulator = Debug|iPhoneSimulator
		Debug|x64 = Debug|x64
		Debug|x86 = Debug|x86
		Release|Any CPU = Release|Any CPU
		Release|ARM = Release|ARM
		Release|iPhone = Release|iPhone
		Release|iPhoneSimulator = Release|iPhoneSimulator
		Release|x64 = Release|x64
		Release|x86 = Release|x86
	EndGlobalSection
	GlobalSection(ProjectConfigurationPlatforms) = postSolution
		{5E655C7F-DAF2-4F53-AF1B-452A312DD901}.Ad-Hoc|Any CPU.ActiveCfg = Release|Any CPU
		{5E655C7F-DAF2-4F53-AF1B-452A312DD901}.Ad-Hoc|Any CPU.Build.0 = Release|Any CPU
		{5E655C7F-DAF2-4F53-AF1B-452A312DD901}.Ad-Hoc|Any CPU.Deploy.0 = Release|Any CPU
		{5E655C7F-DAF2-4F53-AF1B-452A312DD901}.Ad-Hoc|ARM.ActiveCfg = Release|Any CPU
		{5E655C7F-DAF2-4F53-AF1B-452A312DD901}.Ad-Hoc|ARM.Build.0 = Release|Any CPU
		{5E655C7F-DAF2-4F53-AF1B-452A312DD901}.Ad-Hoc|ARM.Deploy.0 = Release|Any CPU
		{5E655C7F-DAF2-4F53-AF1B-452A312DD901}.Ad-Hoc|iPhone.ActiveCfg = Release|Any CPU
		{5E655C7F-DAF2-4F53-AF1B-452A312DD901}.Ad-Hoc|iPhone.Build.0 = Release|Any CPU
		{5E655C7F-DAF2-4F53-AF1B-452A312DD901}.Ad-Hoc|iPhone.Deploy.0 = Release|Any CPU
		{5E655C7F-DAF2-4F53-AF1B-452A312DD901}.Ad-Hoc|iPhoneSimulator.ActiveCfg = Release|Any CPU
		{5E655C7F-DAF2-4F53-AF1B-452A312DD901}.Ad-Hoc|iPhoneSimulator.Build.0 = Release|Any CPU
		{5E655C7F-DAF2-4F53-AF1B-452A312DD901}.Ad-Hoc|iPhoneSimulator.Deploy.0 = Release|Any CPU
		{5E655C7F-DAF2-4F53-AF1B-452A312DD901}.Ad-Hoc|x64.ActiveCfg = Release|Any CPU
		{5E655C7F-DAF2-4F53-AF1B-452A312DD901}.Ad-Hoc|x64.Build.0 = Release|Any CPU
		{5E655C7F-DAF2-4F53-AF1B-452A312DD901}.Ad-Hoc|x64.Deploy.0 = Release|Any CPU
		{5E655C7F-DAF2-4F53-AF1B-452A312DD901}.Ad-Hoc|x86.ActiveCfg = Release|Any CPU
		{5E655C7F-DAF2-4F53-AF1B-452A312DD901}.Ad-Hoc|x86.Build.0 = Release|Any CPU
		{5E655C7F-DAF2-4F53-AF1B-452A312DD901}.Ad-Hoc|x86.Deploy.0 = Release|Any CPU
		{5E655C7F-DAF2-4F53-AF1B-452A312DD901}.AppStore|Any CPU.ActiveCfg = Release|Any CPU
		{5E655C7F-DAF2-4F53-AF1B-452A312DD901}.AppStore|Any CPU.Build.0 = Release|Any CPU
		{5E655C7F-DAF2-4F53-AF1B-452A312DD901}.AppStore|Any CPU.Deploy.0 = Release|Any CPU
		{5E655C7F-DAF2-4F53-AF1B-452A312DD901}.AppStore|ARM.ActiveCfg = Release|Any CPU
		{5E655C7F-DAF2-4F53-AF1B-452A312DD901}.AppStore|ARM.Build.0 = Release|Any CPU
		{5E655C7F-DAF2-4F53-AF1B-452A312DD901}.AppStore|ARM.Deploy.0 = Release|Any CPU
		{5E655C7F-DAF2-4F53-AF1B-452A312DD901}.AppStore|iPhone.ActiveCfg = Release|Any CPU
		{5E655C7F-DAF2-4F53-AF1B-452A312DD901}.AppStore|iPhone.Build.0 = Release|Any CPU
		{5E655C7F-DAF2-4F53-AF1B-452A312DD901}.AppStore|iPhone.Deploy.0 = Release|Any CPU
		{5E655C7F-DAF2-4F53-AF1B-452A312DD901}.AppStore|iPhoneSimulator.ActiveCfg = Release|Any CPU
		{5E655C7F-DAF2-4F53-AF1B-452A312DD901}.AppStore|iPhoneSimulator.Build.0 = Release|Any CPU
		{5E655C7F-DAF2-4F53-AF1B-452A312DD901}.AppStore|iPhoneSimulator.Deploy.0 = Release|Any CPU
		{5E655C7F-DAF2-4F53-AF1B-452A312DD901}.AppStore|x64.ActiveCfg = Release|Any CPU
		{5E655C7F-DAF2-4F53-AF1B-452A312DD901}.AppStore|x64.Build.0 = Release|Any CPU
		{5E655C7F-DAF2-4F53-AF1B-452A312DD901}.AppStore|x64.Deploy.0 = Release|Any CPU
		{5E655C7F-DAF2-4F53-AF1B-452A312DD901}.AppStore|x86.ActiveCfg = Release|Any CPU
		{5E655C7F-DAF2-4F53-AF1B-452A312DD901}.AppStore|x86.Build.0 = Release|Any CPU
		{5E655C7F-DAF2-4F53-AF1B-452A312DD901}.AppStore|x86.Deploy.0 = Release|Any CPU
		{5E655C7F-DAF2-4F53-AF1B-452A312DD901}.Debug|Any CPU.ActiveCfg = Debug|Any CPU
		{5E655C7F-DAF2-4F53-AF1B-452A312DD901}.Debug|Any CPU.Build.0 = Debug|Any CPU
		{5E655C7F-DAF2-4F53-AF1B-452A312DD901}.Debug|Any CPU.Deploy.0 = Debug|Any CPU
		{5E655C7F-DAF2-4F53-AF1B-452A312DD901}.Debug|ARM.ActiveCfg = Debug|Any CPU
		{5E655C7F-DAF2-4F53-AF1B-452A312DD901}.Debug|ARM.Build.0 = Debug|Any CPU
		{5E655C7F-DAF2-4F53-AF1B-452A312DD901}.Debug|ARM.Deploy.0 = Debug|Any CPU
		{5E655C7F-DAF2-4F53-AF1B-452A312DD901}.Debug|iPhone.ActiveCfg = Debug|Any CPU
		{5E655C7F-DAF2-4F53-AF1B-452A312DD901}.Debug|iPhone.Build.0 = Debug|Any CPU
		{5E655C7F-DAF2-4F53-AF1B-452A312DD901}.Debug|iPhone.Deploy.0 = Debug|Any CPU
		{5E655C7F-DAF2-4F53-AF1B-452A312DD901}.Debug|iPhoneSimulator.ActiveCfg = Debug|Any CPU
		{5E655C7F-DAF2-4F53-AF1B-452A312DD901}.Debug|iPhoneSimulator.Build.0 = Debug|Any CPU
		{5E655C7F-DAF2-4F53-AF1B-452A312DD901}.Debug|iPhoneSimulator.Deploy.0 = Debug|Any CPU
		{5E655C7F-DAF2-4F53-AF1B-452A312DD901}.Debug|x64.ActiveCfg = Debug|Any CPU
		{5E655C7F-DAF2-4F53-AF1B-452A312DD901}.Debug|x64.Build.0 = Debug|Any CPU
		{5E655C7F-DAF2-4F53-AF1B-452A312DD901}.Debug|x64.Deploy.0 = Debug|Any CPU
		{5E655C7F-DAF2-4F53-AF1B-452A312DD901}.Debug|x86.ActiveCfg = Debug|Any CPU
		{5E655C7F-DAF2-4F53-AF1B-452A312DD901}.Debug|x86.Build.0 = Debug|Any CPU
		{5E655C7F-DAF2-4F53-AF1B-452A312DD901}.Debug|x86.Deploy.0 = Debug|Any CPU
		{5E655C7F-DAF2-4F53-AF1B-452A312DD901}.Release|Any CPU.ActiveCfg = Release|Any CPU
		{5E655C7F-DAF2-4F53-AF1B-452A312DD901}.Release|Any CPU.Build.0 = Release|Any CPU
		{5E655C7F-DAF2-4F53-AF1B-452A312DD901}.Release|Any CPU.Deploy.0 = Release|Any CPU
		{5E655C7F-DAF2-4F53-AF1B-452A312DD901}.Release|ARM.ActiveCfg = Release|Any CPU
		{5E655C7F-DAF2-4F53-AF1B-452A312DD901}.Release|ARM.Build.0 = Release|Any CPU
		{5E655C7F-DAF2-4F53-AF1B-452A312DD901}.Release|ARM.Deploy.0 = Release|Any CPU
		{5E655C7F-DAF2-4F53-AF1B-452A312DD901}.Release|iPhone.ActiveCfg = Release|Any CPU
		{5E655C7F-DAF2-4F53-AF1B-452A312DD901}.Release|iPhone.Build.0 = Release|Any CPU
		{5E655C7F-DAF2-4F53-AF1B-452A312DD901}.Release|iPhone.Deploy.0 = Release|Any CPU
		{5E655C7F-DAF2-4F53-AF1B-452A312DD901}.Release|iPhoneSimulator.ActiveCfg = Release|Any CPU
		{5E655C7F-DAF2-4F53-AF1B-452A312DD901}.Release|iPhoneSimulator.Build.0 = Release|Any CPU
		{5E655C7F-DAF2-4F53-AF1B-452A312DD901}.Release|iPhoneSimulator.Deploy.0 = Release|Any CPU
		{5E655C7F-DAF2-4F53-AF1B-452A312DD901}.Release|x64.ActiveCfg = Release|Any CPU
		{5E655C7F-DAF2-4F53-AF1B-452A312DD901}.Release|x64.Build.0 = Release|Any CPU
		{5E655C7F-DAF2-4F53-AF1B-452A312DD901}.Release|x64.Deploy.0 = Release|Any CPU
		{5E655C7F-DAF2-4F53-AF1B-452A312DD901}.Release|x86.ActiveCfg = Release|Any CPU
		{5E655C7F-DAF2-4F53-AF1B-452A312DD901}.Release|x86.Build.0 = Release|Any CPU
		{5E655C7F-DAF2-4F53-AF1B-452A312DD901}.Release|x86.Deploy.0 = Release|Any CPU
		{0F34DD69-38D6-4490-8EC8-112F932B6BA1}.Ad-Hoc|Any CPU.ActiveCfg = Release|Any CPU
		{0F34DD69-38D6-4490-8EC8-112F932B6BA1}.Ad-Hoc|Any CPU.Build.0 = Release|Any CPU
		{0F34DD69-38D6-4490-8EC8-112F932B6BA1}.Ad-Hoc|ARM.ActiveCfg = Release|Any CPU
		{0F34DD69-38D6-4490-8EC8-112F932B6BA1}.Ad-Hoc|ARM.Build.0 = Release|Any CPU
		{0F34DD69-38D6-4490-8EC8-112F932B6BA1}.Ad-Hoc|iPhone.ActiveCfg = Release|Any CPU
		{0F34DD69-38D6-4490-8EC8-112F932B6BA1}.Ad-Hoc|iPhone.Build.0 = Release|Any CPU
		{0F34DD69-38D6-4490-8EC8-112F932B6BA1}.Ad-Hoc|iPhoneSimulator.ActiveCfg = Release|Any CPU
		{0F34DD69-38D6-4490-8EC8-112F932B6BA1}.Ad-Hoc|iPhoneSimulator.Build.0 = Release|Any CPU
		{0F34DD69-38D6-4490-8EC8-112F932B6BA1}.Ad-Hoc|x64.ActiveCfg = Release|Any CPU
		{0F34DD69-38D6-4490-8EC8-112F932B6BA1}.Ad-Hoc|x64.Build.0 = Release|Any CPU
		{0F34DD69-38D6-4490-8EC8-112F932B6BA1}.Ad-Hoc|x86.ActiveCfg = Release|Any CPU
		{0F34DD69-38D6-4490-8EC8-112F932B6BA1}.Ad-Hoc|x86.Build.0 = Release|Any CPU
		{0F34DD69-38D6-4490-8EC8-112F932B6BA1}.AppStore|Any CPU.ActiveCfg = Release|Any CPU
		{0F34DD69-38D6-4490-8EC8-112F932B6BA1}.AppStore|Any CPU.Build.0 = Release|Any CPU
		{0F34DD69-38D6-4490-8EC8-112F932B6BA1}.AppStore|ARM.ActiveCfg = Release|Any CPU
		{0F34DD69-38D6-4490-8EC8-112F932B6BA1}.AppStore|ARM.Build.0 = Release|Any CPU
		{0F34DD69-38D6-4490-8EC8-112F932B6BA1}.AppStore|iPhone.ActiveCfg = Release|Any CPU
		{0F34DD69-38D6-4490-8EC8-112F932B6BA1}.AppStore|iPhone.Build.0 = Release|Any CPU
		{0F34DD69-38D6-4490-8EC8-112F932B6BA1}.AppStore|iPhoneSimulator.ActiveCfg = Release|Any CPU
		{0F34DD69-38D6-4490-8EC8-112F932B6BA1}.AppStore|iPhoneSimulator.Build.0 = Release|Any CPU
		{0F34DD69-38D6-4490-8EC8-112F932B6BA1}.AppStore|x64.ActiveCfg = Release|Any CPU
		{0F34DD69-38D6-4490-8EC8-112F932B6BA1}.AppStore|x64.Build.0 = Release|Any CPU
		{0F34DD69-38D6-4490-8EC8-112F932B6BA1}.AppStore|x86.ActiveCfg = Release|Any CPU
		{0F34DD69-38D6-4490-8EC8-112F932B6BA1}.AppStore|x86.Build.0 = Release|Any CPU
		{0F34DD69-38D6-4490-8EC8-112F932B6BA1}.Debug|Any CPU.ActiveCfg = Debug|Any CPU
		{0F34DD69-38D6-4490-8EC8-112F932B6BA1}.Debug|Any CPU.Build.0 = Debug|Any CPU
		{0F34DD69-38D6-4490-8EC8-112F932B6BA1}.Debug|ARM.ActiveCfg = Debug|Any CPU
		{0F34DD69-38D6-4490-8EC8-112F932B6BA1}.Debug|ARM.Build.0 = Debug|Any CPU
		{0F34DD69-38D6-4490-8EC8-112F932B6BA1}.Debug|iPhone.ActiveCfg = Debug|Any CPU
		{0F34DD69-38D6-4490-8EC8-112F932B6BA1}.Debug|iPhone.Build.0 = Debug|Any CPU
		{0F34DD69-38D6-4490-8EC8-112F932B6BA1}.Debug|iPhoneSimulator.ActiveCfg = Debug|Any CPU
		{0F34DD69-38D6-4490-8EC8-112F932B6BA1}.Debug|iPhoneSimulator.Build.0 = Debug|Any CPU
		{0F34DD69-38D6-4490-8EC8-112F932B6BA1}.Debug|x64.ActiveCfg = Debug|Any CPU
		{0F34DD69-38D6-4490-8EC8-112F932B6BA1}.Debug|x64.Build.0 = Debug|Any CPU
		{0F34DD69-38D6-4490-8EC8-112F932B6BA1}.Debug|x86.ActiveCfg = Debug|Any CPU
		{0F34DD69-38D6-4490-8EC8-112F932B6BA1}.Debug|x86.Build.0 = Debug|Any CPU
		{0F34DD69-38D6-4490-8EC8-112F932B6BA1}.Release|Any CPU.ActiveCfg = Release|Any CPU
		{0F34DD69-38D6-4490-8EC8-112F932B6BA1}.Release|Any CPU.Build.0 = Release|Any CPU
		{0F34DD69-38D6-4490-8EC8-112F932B6BA1}.Release|ARM.ActiveCfg = Release|Any CPU
		{0F34DD69-38D6-4490-8EC8-112F932B6BA1}.Release|ARM.Build.0 = Release|Any CPU
		{0F34DD69-38D6-4490-8EC8-112F932B6BA1}.Release|iPhone.ActiveCfg = Release|Any CPU
		{0F34DD69-38D6-4490-8EC8-112F932B6BA1}.Release|iPhone.Build.0 = Release|Any CPU
		{0F34DD69-38D6-4490-8EC8-112F932B6BA1}.Release|iPhoneSimulator.ActiveCfg = Release|Any CPU
		{0F34DD69-38D6-4490-8EC8-112F932B6BA1}.Release|iPhoneSimulator.Build.0 = Release|Any CPU
		{0F34DD69-38D6-4490-8EC8-112F932B6BA1}.Release|x64.ActiveCfg = Release|Any CPU
		{0F34DD69-38D6-4490-8EC8-112F932B6BA1}.Release|x64.Build.0 = Release|Any CPU
		{0F34DD69-38D6-4490-8EC8-112F932B6BA1}.Release|x86.ActiveCfg = Release|Any CPU
		{0F34DD69-38D6-4490-8EC8-112F932B6BA1}.Release|x86.Build.0 = Release|Any CPU
		{49B1067C-A1F6-42E4-84F2-12EABA2816A7}.Ad-Hoc|Any CPU.ActiveCfg = Release|x86
		{49B1067C-A1F6-42E4-84F2-12EABA2816A7}.Ad-Hoc|Any CPU.Build.0 = Release|x86
		{49B1067C-A1F6-42E4-84F2-12EABA2816A7}.Ad-Hoc|Any CPU.Deploy.0 = Release|x86
		{49B1067C-A1F6-42E4-84F2-12EABA2816A7}.Ad-Hoc|ARM.ActiveCfg = Release|ARM
		{49B1067C-A1F6-42E4-84F2-12EABA2816A7}.Ad-Hoc|ARM.Build.0 = Release|ARM
		{49B1067C-A1F6-42E4-84F2-12EABA2816A7}.Ad-Hoc|ARM.Deploy.0 = Release|ARM
		{49B1067C-A1F6-42E4-84F2-12EABA2816A7}.Ad-Hoc|iPhone.ActiveCfg = Release|x86
		{49B1067C-A1F6-42E4-84F2-12EABA2816A7}.Ad-Hoc|iPhone.Build.0 = Release|x86
		{49B1067C-A1F6-42E4-84F2-12EABA2816A7}.Ad-Hoc|iPhone.Deploy.0 = Release|x86
		{49B1067C-A1F6-42E4-84F2-12EABA2816A7}.Ad-Hoc|iPhoneSimulator.ActiveCfg = Release|x86
		{49B1067C-A1F6-42E4-84F2-12EABA2816A7}.Ad-Hoc|iPhoneSimulator.Build.0 = Release|x86
		{49B1067C-A1F6-42E4-84F2-12EABA2816A7}.Ad-Hoc|iPhoneSimulator.Deploy.0 = Release|x86
		{49B1067C-A1F6-42E4-84F2-12EABA2816A7}.Ad-Hoc|x64.ActiveCfg = Release|x64
		{49B1067C-A1F6-42E4-84F2-12EABA2816A7}.Ad-Hoc|x64.Build.0 = Release|x64
		{49B1067C-A1F6-42E4-84F2-12EABA2816A7}.Ad-Hoc|x64.Deploy.0 = Release|x64
		{49B1067C-A1F6-42E4-84F2-12EABA2816A7}.Ad-Hoc|x86.ActiveCfg = Release|x86
		{49B1067C-A1F6-42E4-84F2-12EABA2816A7}.Ad-Hoc|x86.Build.0 = Release|x86
		{49B1067C-A1F6-42E4-84F2-12EABA2816A7}.Ad-Hoc|x86.Deploy.0 = Release|x86
		{49B1067C-A1F6-42E4-84F2-12EABA2816A7}.AppStore|Any CPU.ActiveCfg = Release|x86
		{49B1067C-A1F6-42E4-84F2-12EABA2816A7}.AppStore|Any CPU.Build.0 = Release|x86
		{49B1067C-A1F6-42E4-84F2-12EABA2816A7}.AppStore|Any CPU.Deploy.0 = Release|x86
		{49B1067C-A1F6-42E4-84F2-12EABA2816A7}.AppStore|ARM.ActiveCfg = Release|ARM
		{49B1067C-A1F6-42E4-84F2-12EABA2816A7}.AppStore|ARM.Build.0 = Release|ARM
		{49B1067C-A1F6-42E4-84F2-12EABA2816A7}.AppStore|ARM.Deploy.0 = Release|ARM
		{49B1067C-A1F6-42E4-84F2-12EABA2816A7}.AppStore|iPhone.ActiveCfg = Release|x86
		{49B1067C-A1F6-42E4-84F2-12EABA2816A7}.AppStore|iPhone.Build.0 = Release|x86
		{49B1067C-A1F6-42E4-84F2-12EABA2816A7}.AppStore|iPhone.Deploy.0 = Release|x86
		{49B1067C-A1F6-42E4-84F2-12EABA2816A7}.AppStore|iPhoneSimulator.ActiveCfg = Release|x86
		{49B1067C-A1F6-42E4-84F2-12EABA2816A7}.AppStore|iPhoneSimulator.Build.0 = Release|x86
		{49B1067C-A1F6-42E4-84F2-12EABA2816A7}.AppStore|iPhoneSimulator.Deploy.0 = Release|x86
		{49B1067C-A1F6-42E4-84F2-12EABA2816A7}.AppStore|x64.ActiveCfg = Release|x64
		{49B1067C-A1F6-42E4-84F2-12EABA2816A7}.AppStore|x64.Build.0 = Release|x64
		{49B1067C-A1F6-42E4-84F2-12EABA2816A7}.AppStore|x64.Deploy.0 = Release|x64
		{49B1067C-A1F6-42E4-84F2-12EABA2816A7}.AppStore|x86.ActiveCfg = Release|x86
		{49B1067C-A1F6-42E4-84F2-12EABA2816A7}.AppStore|x86.Build.0 = Release|x86
		{49B1067C-A1F6-42E4-84F2-12EABA2816A7}.AppStore|x86.Deploy.0 = Release|x86
		{49B1067C-A1F6-42E4-84F2-12EABA2816A7}.Debug|Any CPU.ActiveCfg = Debug|x86
		{49B1067C-A1F6-42E4-84F2-12EABA2816A7}.Debug|ARM.ActiveCfg = Debug|ARM
		{49B1067C-A1F6-42E4-84F2-12EABA2816A7}.Debug|ARM.Build.0 = Debug|ARM
		{49B1067C-A1F6-42E4-84F2-12EABA2816A7}.Debug|ARM.Deploy.0 = Debug|ARM
		{49B1067C-A1F6-42E4-84F2-12EABA2816A7}.Debug|iPhone.ActiveCfg = Debug|x86
		{49B1067C-A1F6-42E4-84F2-12EABA2816A7}.Debug|iPhoneSimulator.ActiveCfg = Debug|x86
		{49B1067C-A1F6-42E4-84F2-12EABA2816A7}.Debug|x64.ActiveCfg = Debug|x64
		{49B1067C-A1F6-42E4-84F2-12EABA2816A7}.Debug|x64.Build.0 = Debug|x64
		{49B1067C-A1F6-42E4-84F2-12EABA2816A7}.Debug|x64.Deploy.0 = Debug|x64
		{49B1067C-A1F6-42E4-84F2-12EABA2816A7}.Debug|x86.ActiveCfg = Debug|x86
		{49B1067C-A1F6-42E4-84F2-12EABA2816A7}.Debug|x86.Build.0 = Debug|x86
		{49B1067C-A1F6-42E4-84F2-12EABA2816A7}.Debug|x86.Deploy.0 = Debug|x86
		{49B1067C-A1F6-42E4-84F2-12EABA2816A7}.Release|Any CPU.ActiveCfg = Release|x86
		{49B1067C-A1F6-42E4-84F2-12EABA2816A7}.Release|ARM.ActiveCfg = Release|ARM
		{49B1067C-A1F6-42E4-84F2-12EABA2816A7}.Release|ARM.Build.0 = Release|ARM
		{49B1067C-A1F6-42E4-84F2-12EABA2816A7}.Release|ARM.Deploy.0 = Release|ARM
		{49B1067C-A1F6-42E4-84F2-12EABA2816A7}.Release|iPhone.ActiveCfg = Release|x86
		{49B1067C-A1F6-42E4-84F2-12EABA2816A7}.Release|iPhoneSimulator.ActiveCfg = Release|x86
		{49B1067C-A1F6-42E4-84F2-12EABA2816A7}.Release|x64.ActiveCfg = Release|x64
		{49B1067C-A1F6-42E4-84F2-12EABA2816A7}.Release|x64.Build.0 = Release|x64
		{49B1067C-A1F6-42E4-84F2-12EABA2816A7}.Release|x64.Deploy.0 = Release|x64
		{49B1067C-A1F6-42E4-84F2-12EABA2816A7}.Release|x86.ActiveCfg = Release|x86
		{49B1067C-A1F6-42E4-84F2-12EABA2816A7}.Release|x86.Build.0 = Release|x86
		{49B1067C-A1F6-42E4-84F2-12EABA2816A7}.Release|x86.Deploy.0 = Release|x86
		{D1644984-46B0-4F39-B9D5-8F5E3A124C1E}.Ad-Hoc|Any CPU.ActiveCfg = Ad-Hoc|iPhone
		{D1644984-46B0-4F39-B9D5-8F5E3A124C1E}.Ad-Hoc|ARM.ActiveCfg = Ad-Hoc|iPhone
		{D1644984-46B0-4F39-B9D5-8F5E3A124C1E}.Ad-Hoc|iPhone.ActiveCfg = Ad-Hoc|iPhone
		{D1644984-46B0-4F39-B9D5-8F5E3A124C1E}.Ad-Hoc|iPhone.Build.0 = Ad-Hoc|iPhone
		{D1644984-46B0-4F39-B9D5-8F5E3A124C1E}.Ad-Hoc|iPhoneSimulator.ActiveCfg = Ad-Hoc|iPhoneSimulator
		{D1644984-46B0-4F39-B9D5-8F5E3A124C1E}.Ad-Hoc|iPhoneSimulator.Build.0 = Ad-Hoc|iPhoneSimulator
		{D1644984-46B0-4F39-B9D5-8F5E3A124C1E}.Ad-Hoc|x64.ActiveCfg = Ad-Hoc|iPhone
		{D1644984-46B0-4F39-B9D5-8F5E3A124C1E}.Ad-Hoc|x86.ActiveCfg = Ad-Hoc|iPhone
		{D1644984-46B0-4F39-B9D5-8F5E3A124C1E}.AppStore|Any CPU.ActiveCfg = AppStore|iPhone
		{D1644984-46B0-4F39-B9D5-8F5E3A124C1E}.AppStore|ARM.ActiveCfg = AppStore|iPhone
		{D1644984-46B0-4F39-B9D5-8F5E3A124C1E}.AppStore|iPhone.ActiveCfg = AppStore|iPhone
		{D1644984-46B0-4F39-B9D5-8F5E3A124C1E}.AppStore|iPhone.Build.0 = AppStore|iPhone
		{D1644984-46B0-4F39-B9D5-8F5E3A124C1E}.AppStore|iPhoneSimulator.ActiveCfg = AppStore|iPhoneSimulator
		{D1644984-46B0-4F39-B9D5-8F5E3A124C1E}.AppStore|iPhoneSimulator.Build.0 = AppStore|iPhoneSimulator
		{D1644984-46B0-4F39-B9D5-8F5E3A124C1E}.AppStore|x64.ActiveCfg = AppStore|iPhone
		{D1644984-46B0-4F39-B9D5-8F5E3A124C1E}.AppStore|x86.ActiveCfg = AppStore|iPhone
		{D1644984-46B0-4F39-B9D5-8F5E3A124C1E}.Debug|Any CPU.ActiveCfg = Debug|iPhone
		{D1644984-46B0-4F39-B9D5-8F5E3A124C1E}.Debug|ARM.ActiveCfg = Debug|iPhone
		{D1644984-46B0-4F39-B9D5-8F5E3A124C1E}.Debug|iPhone.ActiveCfg = Debug|iPhone
		{D1644984-46B0-4F39-B9D5-8F5E3A124C1E}.Debug|iPhone.Build.0 = Debug|iPhone
		{D1644984-46B0-4F39-B9D5-8F5E3A124C1E}.Debug|iPhoneSimulator.ActiveCfg = Debug|iPhoneSimulator
		{D1644984-46B0-4F39-B9D5-8F5E3A124C1E}.Debug|iPhoneSimulator.Build.0 = Debug|iPhoneSimulator
		{D1644984-46B0-4F39-B9D5-8F5E3A124C1E}.Debug|x64.ActiveCfg = Debug|iPhone
		{D1644984-46B0-4F39-B9D5-8F5E3A124C1E}.Debug|x86.ActiveCfg = Debug|iPhone
		{D1644984-46B0-4F39-B9D5-8F5E3A124C1E}.Release|Any CPU.ActiveCfg = Release|iPhone
		{D1644984-46B0-4F39-B9D5-8F5E3A124C1E}.Release|ARM.ActiveCfg = Release|iPhone
		{D1644984-46B0-4F39-B9D5-8F5E3A124C1E}.Release|iPhone.ActiveCfg = Release|iPhone
		{D1644984-46B0-4F39-B9D5-8F5E3A124C1E}.Release|iPhone.Build.0 = Release|iPhone
		{D1644984-46B0-4F39-B9D5-8F5E3A124C1E}.Release|iPhoneSimulator.ActiveCfg = Release|iPhoneSimulator
		{D1644984-46B0-4F39-B9D5-8F5E3A124C1E}.Release|iPhoneSimulator.Build.0 = Release|iPhoneSimulator
		{D1644984-46B0-4F39-B9D5-8F5E3A124C1E}.Release|x64.ActiveCfg = Release|iPhone
		{D1644984-46B0-4F39-B9D5-8F5E3A124C1E}.Release|x86.ActiveCfg = Release|iPhone
	EndGlobalSection
	GlobalSection(SolutionProperties) = preSolution
		HideSolutionNode = FALSE
	EndGlobalSection
EndGlobal
